// !$*UTF8*$!
{
	archiveVersion = 1;
	classes = {
	};
	objectVersion = 56;
	objects = {

/* Begin PBXBuildFile section */
		E6BF3F0128E0B93300DFB2F4 /* HashableObjectsApp.swift in Sources */ = {isa = PBXBuildFile; fileRef = E6BF3F0028E0B93300DFB2F4 /* HashableObjectsApp.swift */; };
		E6BF3F0328E0B93300DFB2F4 /* ContentView.swift in Sources */ = {isa = PBXBuildFile; fileRef = E6BF3F0228E0B93300DFB2F4 /* ContentView.swift */; };
		E6BF3F0528E0B93500DFB2F4 /* Assets.xcassets in Resources */ = {isa = PBXBuildFile; fileRef = E6BF3F0428E0B93500DFB2F4 /* Assets.xcassets */; };
		E6BF3F0828E0B93500DFB2F4 /* Preview Assets.xcassets in Resources */ = {isa = PBXBuildFile; fileRef = E6BF3F0728E0B93500DFB2F4 /* Preview Assets.xcassets */; };
		E6BF3F1128E0C88600DFB2F4 /* Projects.xcdatamodeld in Sources */ = {isa = PBXBuildFile; fileRef = E6BF3F0F28E0C88600DFB2F4 /* Projects.xcdatamodeld */; };
		E6BF3F1528E0C97C00DFB2F4 /* Projects+CoreDataClass.swift in Sources */ = {isa = PBXBuildFile; fileRef = E6BF3F1328E0C97B00DFB2F4 /* Projects+CoreDataClass.swift */; };
		E6BF3F1628E0C97C00DFB2F4 /* Projects+CoreDataProperties.swift in Sources */ = {isa = PBXBuildFile; fileRef = E6BF3F1428E0C97B00DFB2F4 /* Projects+CoreDataProperties.swift */; };
/* End PBXBuildFile section */

/* Begin PBXFileReference section */
		E6BF3EFD28E0B93300DFB2F4 /* HashableObjects.app */ = {isa = PBXFileReference; explicitFileType = wrapper.application; includeInIndex = 0; path = HashableObjects.app; sourceTree = BUILT_PRODUCTS_DIR; };
		E6BF3F0028E0B93300DFB2F4 /* HashableObjectsApp.swift */ = {isa = PBXFileReference; lastKnownFileType = sourcecode.swift; path = HashableObjectsApp.swift; sourceTree = "<group>"; };
		E6BF3F0228E0B93300DFB2F4 /* ContentView.swift */ = {isa = PBXFileReference; lastKnownFileType = sourcecode.swift; path = ContentView.swift; sourceTree = "<group>"; };
		E6BF3F0428E0B93500DFB2F4 /* Assets.xcassets */ = {isa = PBXFileReference; lastKnownFileType = folder.assetcatalog; path = Assets.xcassets; sourceTree = "<group>"; };
		E6BF3F0728E0B93500DFB2F4 /* Preview Assets.xcassets */ = {isa = PBXFileReference; lastKnownFileType = folder.assetcatalog; path = "Preview Assets.xcassets"; sourceTree = "<group>"; };
		E6BF3F1028E0C88600DFB2F4 /* Projects.xcdatamodel */ = {isa = PBXFileReference; lastKnownFileType = wrapper.xcdatamodel; path = Projects.xcdatamodel; sourceTree = "<group>"; };
		E6BF3F1328E0C97B00DFB2F4 /* Projects+CoreDataClass.swift */ = {isa = PBXFileReference; lastKnownFileType = sourcecode.swift; name = "Projects+CoreDataClass.swift"; path = "HashableObjects/DataModels/Projects+CoreDataClass.swift"; sourceTree = "<group>"; };
		E6BF3F1428E0C97B00DFB2F4 /* Projects+CoreDataProperties.swift */ = {isa = PBXFileReference; lastKnownFileType = sourcecode.swift; name = "Projects+CoreDataProperties.swift"; path = "HashableObjects/DataModels/Projects+CoreDataProperties.swift"; sourceTree = "<group>"; };
/* End PBXFileReference section */

/* Begin PBXFrameworksBuildPhase section */
		E6BF3EFA28E0B93300DFB2F4 /* Frameworks */ = {
			isa = PBXFrameworksBuildPhase;
			buildActionMask = 2147483647;
			files = (
			);
			runOnlyForDeploymentPostprocessing = 0;
		};
/* End PBXFrameworksBuildPhase section */

/* Begin PBXGroup section */
		E6BF3EF428E0B93300DFB2F4 = {
			isa = PBXGroup;
			children = (
				E6BF3F1328E0C97B00DFB2F4 /* Projects+CoreDataClass.swift */,
				E6BF3F1428E0C97B00DFB2F4 /* Projects+CoreDataProperties.swift */,
				E6BF3EFF28E0B93300DFB2F4 /* HashableObjects */,
				E6BF3EFE28E0B93300DFB2F4 /* Products */,
			);
			sourceTree = "<group>";
		};
		E6BF3EFE28E0B93300DFB2F4 /* Products */ = {
			isa = PBXGroup;
			children = (
				E6BF3EFD28E0B93300DFB2F4 /* HashableObjects.app */,
			);
			name = Products;
			sourceTree = "<group>";
		};
		E6BF3EFF28E0B93300DFB2F4 /* HashableObjects */ = {
			isa = PBXGroup;
			children = (
				E6BF3F1228E0C91B00DFB2F4 /* DataModels */,
				E6BF3F0E28E0C86900DFB2F4 /* Entities */,
				E6BF3F0028E0B93300DFB2F4 /* HashableObjectsApp.swift */,
				E6BF3F0228E0B93300DFB2F4 /* ContentView.swift */,
				E6BF3F0428E0B93500DFB2F4 /* Assets.xcassets */,
				E6BF3F0628E0B93500DFB2F4 /* Preview Content */,
			);
			path = HashableObjects;
			sourceTree = "<group>";
		};
		E6BF3F0628E0B93500DFB2F4 /* Preview Content */ = {
			isa = PBXGroup;
			children = (
				E6BF3F0728E0B93500DFB2F4 /* Preview Assets.xcassets */,
			);
			path = "Preview Content";
			sourceTree = "<group>";
		};
		E6BF3F0E28E0C86900DFB2F4 /* Entities */ = {
			isa = PBXGroup;
			children = (
				E6BF3F0F28E0C88600DFB2F4 /* Projects.xcdatamodeld */,
			);
			path = Entities;
			sourceTree = "<group>";
		};
		E6BF3F1228E0C91B00DFB2F4 /* DataModels */ = {
			isa = PBXGroup;
			children = (
			);
			path = DataModels;
			sourceTree = "<group>";
		};
/* End PBXGroup section */

/* Begin PBXNativeTarget section */
		E6BF3EFC28E0B93300DFB2F4 /* HashableObjects */ = {
			isa = PBXNativeTarget;
			buildConfigurationList = E6BF3F0B28E0B93500DFB2F4 /* Build configuration list for PBXNativeTarget "HashableObjects" */;
			buildPhases = (
				E6BF3EF928E0B93300DFB2F4 /* Sources */,
				E6BF3EFA28E0B93300DFB2F4 /* Frameworks */,
				E6BF3EFB28E0B93300DFB2F4 /* Resources */,
			);
			buildRules = (
			);
			dependencies = (
			);
			name = HashableObjects;
			productName = HashableObjects;
			productReference = E6BF3EFD28E0B93300DFB2F4 /* HashableObjects.app */;
			productType = "com.apple.product-type.application";
		};
/* End PBXNativeTarget section */

/* Begin PBXProject section */
		E6BF3EF528E0B93300DFB2F4 /* Project object */ = {
			isa = PBXProject;
			attributes = {
				BuildIndependentTargetsInParallel = 1;
				LastSwiftUpdateCheck = 1400;
				LastUpgradeCheck = 1400;
				TargetAttributes = {
					E6BF3EFC28E0B93300DFB2F4 = {
						CreatedOnToolsVersion = 14.0;
					};
				};
			};
			buildConfigurationList = E6BF3EF828E0B93300DFB2F4 /* Build configuration list for PBXProject "HashableObjects" */;
			compatibilityVersion = "Xcode 14.0";
			developmentRegion = en;
			hasScannedForEncodings = 0;
			knownRegions = (
				en,
				Base,
			);
			mainGroup = E6BF3EF428E0B93300DFB2F4;
			productRefGroup = E6BF3EFE28E0B93300DFB2F4 /* Products */;
			projectDirPath = "";
			projectRoot = "";
			targets = (
				E6BF3EFC28E0B93300DFB2F4 /* HashableObjects */,
			);
		};
/* End PBXProject section */

/* Begin PBXResourcesBuildPhase section */
		E6BF3EFB28E0B93300DFB2F4 /* Resources */ = {
			isa = PBXResourcesBuildPhase;
			buildActionMask = 2147483647;
			files = (
				E6BF3F0828E0B93500DFB2F4 /* Preview Assets.xcassets in Resources */,
				E6BF3F0528E0B93500DFB2F4 /* Assets.xcassets in Resources */,
			);
			runOnlyForDeploymentPostprocessing = 0;
		};
/* End PBXResourcesBuildPhase section */

/* Begin PBXSourcesBuildPhase section */
		E6BF3EF928E0B93300DFB2F4 /* Sources */ = {
			isa = PBXSourcesBuildPhase;
			buildActionMask = 2147483647;
			files = (
				E6BF3F0328E0B93300DFB2F4 /* ContentView.swift in Sources */,
				E6BF3F1528E0C97C00DFB2F4 /* Projects+CoreDataClass.swift in Sources */,
				E6BF3F1128E0C88600DFB2F4 /* Projects.xcdatamodeld in Sources */,
				E6BF3F1628E0C97C00DFB2F4 /* Projects+CoreDataProperties.swift in Sources */,
				E6BF3F0128E0B93300DFB2F4 /* HashableObjectsApp.swift in Sources */,
			);
			runOnlyForDeploymentPostprocessing = 0;
		};
/* End PBXSourcesBuildPhase section */

/* Begin XCBuildConfiguration section */
		E6BF3F0928E0B93500DFB2F4 /* Debug */ = {
			isa = XCBuildConfiguration;
			buildSettings = {
				ALWAYS_SEARCH_USER_PATHS = NO;
				CLANG_ANALYZER_NONNULL = YES;
				CLANG_ANALYZER_NUMBER_OBJECT_CONVERSION = YES_AGGRESSIVE;
				CLANG_CXX_LANGUAGE_STANDARD = "gnu++20";
				CLANG_ENABLE_MODULES = YES;
				CLANG_ENABLE_OBJC_ARC = YES;
				CLANG_ENABLE_OBJC_WEAK = YES;
				CLANG_WARN_BLOCK_CAPTURE_AUTORELEASING = YES;
				CLANG_WARN_BOOL_CONVERSION = YES;
				CLANG_WARN_COMMA = YES;
				CLANG_WARN_CONSTANT_CONVERSION = YES;
				CLANG_WARN_DEPRECATED_OBJC_IMPLEMENTATIONS = YES;
				CLANG_WARN_DIRECT_OBJC_ISA_USAGE = YES_ERROR;
				CLANG_WARN_DOCUMENTATION_COMMENTS = YES;
				CLANG_WARN_EMPTY_BODY = YES;
				CLANG_WARN_ENUM_CONVERSION = YES;
				CLANG_WARN_INFINITE_RECURSION = YES;
				CLANG_WARN_INT_CONVERSION = YES;
				CLANG_WARN_NON_LITERAL_NULL_CONVERSION = YES;
				CLANG_WARN_OBJC_IMPLICIT_RETAIN_SELF = YES;
				CLANG_WARN_OBJC_LITERAL_CONVERSION = YES;
				CLANG_WARN_OBJC_ROOT_CLASS = YES_ERROR;
				CLANG_WARN_QUOTED_INCLUDE_IN_FRAMEWORK_HEADER = YES;
				CLANG_WARN_RANGE_LOOP_ANALYSIS = YES;
				CLANG_WARN_STRICT_PROTOTYPES = YES;
				CLANG_WARN_SUSPICIOUS_MOVE = YES;
				CLANG_WARN_UNGUARDED_AVAILABILITY = YES_AGGRESSIVE;
				CLANG_WARN_UNREACHABLE_CODE = YES;
				CLANG_WARN__DUPLICATE_METHOD_MATCH = YES;
				COPY_PHASE_STRIP = NO;
				DEBUG_INFORMATION_FORMAT = dwarf;
				ENABLE_STRICT_OBJC_MSGSEND = YES;
				ENABLE_TESTABILITY = YES;
				GCC_C_LANGUAGE_STANDARD = gnu11;
				GCC_DYNAMIC_NO_PIC = NO;
				GCC_NO_COMMON_BLOCKS = YES;
				GCC_OPTIMIZATION_LEVEL = 0;
				GCC_PREPROCESSOR_DEFINITIONS = (
					"DEBUG=1",
					"$(inherited)",
				);
				GCC_WARN_64_TO_32_BIT_CONVERSION = YES;
				GCC_WARN_ABOUT_RETURN_TYPE = YES_ERROR;
				GCC_WARN_UNDECLARED_SELECTOR = YES;
				GCC_WARN_UNINITIALIZED_AUTOS = YES_AGGRESSIVE;
				GCC_WARN_UNUSED_FUNCTION = YES;
				GCC_WARN_UNUSED_VARIABLE = YES;
				IPHONEOS_DEPLOYMENT_TARGET = 16.0;
				MTL_ENABLE_DEBUG_INFO = INCLUDE_SOURCE;
				MTL_FAST_MATH = YES;
				ONLY_ACTIVE_ARCH = YES;
				SDKROOT = iphoneos;
				SWIFT_ACTIVE_COMPILATION_CONDITIONS = DEBUG;
				SWIFT_OPTIMIZATION_LEVEL = "-Onone";
			};
			name = Debug;
		};
		E6BF3F0A28E0B93500DFB2F4 /* Release */ = {
			isa = XCBuildConfiguration;
			buildSettings = {
				ALWAYS_SEARCH_USER_PATHS = NO;
				CLANG_ANALYZER_NONNULL = YES;
				CLANG_ANALYZER_NUMBER_OBJECT_CONVERSION = YES_AGGRESSIVE;
				CLANG_CXX_LANGUAGE_STANDARD = "gnu++20";
				CLANG_ENABLE_MODULES = YES;
				CLANG_ENABLE_OBJC_ARC = YES;
				CLANG_ENABLE_OBJC_WEAK = YES;
				CLANG_WARN_BLOCK_CAPTURE_AUTORELEASING = YES;
				CLANG_WARN_BOOL_CONVERSION = YES;
				CLANG_WARN_COMMA = YES;
				CLANG_WARN_CONSTANT_CONVERSION = YES;
				CLANG_WARN_DEPRECATED_OBJC_IMPLEMENTATIONS = YES;
				CLANG_WARN_DIRECT_OBJC_ISA_USAGE = YES_ERROR;
				CLANG_WARN_DOCUMENTATION_COMMENTS = YES;
				CLANG_WARN_EMPTY_BODY = YES;
				CLANG_WARN_ENUM_CONVERSION = YES;
				CLANG_WARN_INFINITE_RECURSION = YES;
				CLANG_WARN_INT_CONVERSION = YES;
				CLANG_WARN_NON_LITERAL_NULL_CONVERSION = YES;
				CLANG_WARN_OBJC_IMPLICIT_RETAIN_SELF = YES;
				CLANG_WARN_OBJC_LITERAL_CONVERSION = YES;
				CLANG_WARN_OBJC_ROOT_CLASS = YES_ERROR;
				CLANG_WARN_QUOTED_INCLUDE_IN_FRAMEWORK_HEADER = YES;
				CLANG_WARN_RANGE_LOOP_ANALYSIS = YES;
				CLANG_WARN_STRICT_PROTOTYPES = YES;
				CLANG_WARN_SUSPICIOUS_MOVE = YES;
				CLANG_WARN_UNGUARDED_AVAILABILITY = YES_AGGRESSIVE;
				CLANG_WARN_UNREACHABLE_CODE = YES;
				CLANG_WARN__DUPLICATE_METHOD_MATCH = YES;
				COPY_PHASE_STRIP = NO;
				DEBUG_INFORMATION_FORMAT = "dwarf-with-dsym";
				ENABLE_NS_ASSERTIONS = NO;
				ENABLE_STRICT_OBJC_MSGSEND = YES;
				GCC_C_LANGUAGE_STANDARD = gnu11;
				GCC_NO_COMMON_BLOCKS = YES;
				GCC_WARN_64_TO_32_BIT_CONVERSION = YES;
				GCC_WARN_ABOUT_RETURN_TYPE = YES_ERROR;
				GCC_WARN_UNDECLARED_SELECTOR = YES;
				GCC_WARN_UNINITIALIZED_AUTOS = YES_AGGRESSIVE;
				GCC_WARN_UNUSED_FUNCTION = YES;
				GCC_WARN_UNUSED_VARIABLE = YES;
				IPHONEOS_DEPLOYMENT_TARGET = 16.0;
				MTL_ENABLE_DEBUG_INFO = NO;
				MTL_FAST_MATH = YES;
				SDKROOT = iphoneos;
				SWIFT_COMPILATION_MODE = wholemodule;
				SWIFT_OPTIMIZATION_LEVEL = "-O";
				VALIDATE_PRODUCT = YES;
			};
			name = Release;
		};
		E6BF3F0C28E0B93500DFB2F4 /* Debug */ = {
			isa = XCBuildConfiguration;
			buildSettings = {
				ASSETCATALOG_COMPILER_APPICON_NAME = AppIcon;
				ASSETCATALOG_COMPILER_GLOBAL_ACCENT_COLOR_NAME = AccentColor;
				CODE_SIGN_STYLE = Automatic;
				CURRENT_PROJECT_VERSION = 1;
				DEVELOPMENT_ASSET_PATHS = "\"HashableObjects/Preview Content\"";
				DEVELOPMENT_TEAM = JLPE2XFURG;
				ENABLE_PREVIEWS = YES;
				GENERATE_INFOPLIST_FILE = YES;
				INFOPLIST_KEY_UIApplicationSceneManifest_Generation = YES;
				INFOPLIST_KEY_UIApplicationSupportsIndirectInputEvents = YES;
				INFOPLIST_KEY_UILaunchScreen_Generation = YES;
				INFOPLIST_KEY_UISupportedInterfaceOrientations_iPad = "UIInterfaceOrientationPortrait UIInterfaceOrientationPortraitUpsideDown UIInterfaceOrientationLandscapeLeft UIInterfaceOrientationLandscapeRight";
				INFOPLIST_KEY_UISupportedInterfaceOrientations_iPhone = "UIInterfaceOrientationPortrait UIInterfaceOrientationLandscapeLeft UIInterfaceOrientationLandscapeRight";
				LD_RUNPATH_SEARCH_PATHS = (
					"$(inherited)",
					"@executable_path/Frameworks",
				);
				MARKETING_VERSION = 1.0;
				PRODUCT_BUNDLE_IDENTIFIER = com.chrishand.HashableObjects;
				PRODUCT_NAME = "$(TARGET_NAME)";
				SWIFT_EMIT_LOC_STRINGS = YES;
				SWIFT_VERSION = 5.0;
				TARGETED_DEVICE_FAMILY = "1,2";
			};
			name = Debug;
		};
		E6BF3F0D28E0B93500DFB2F4 /* Release */ = {
			isa = XCBuildConfiguration;
			buildSettings = {
				ASSETCATALOG_COMPILER_APPICON_NAME = AppIcon;
				ASSETCATALOG_COMPILER_GLOBAL_ACCENT_COLOR_NAME = AccentColor;
				CODE_SIGN_STYLE = Automatic;
				CURRENT_PROJECT_VERSION = 1;
				DEVELOPMENT_ASSET_PATHS = "\"HashableObjects/Preview Content\"";
				DEVELOPMENT_TEAM = JLPE2XFURG;
				ENABLE_PREVIEWS = YES;
				GENERATE_INFOPLIST_FILE = YES;
				INFOPLIST_KEY_UIApplicationSceneManifest_Generation = YES;
				INFOPLIST_KEY_UIApplicationSupportsIndirectInputEvents = YES;
				INFOPLIST_KEY_UILaunchScreen_Generation = YES;
				INFOPLIST_KEY_UISupportedInterfaceOrientations_iPad = "UIInterfaceOrientationPortrait UIInterfaceOrientationPortraitUpsideDown UIInterfaceOrientationLandscapeLeft UIInterfaceOrientationLandscapeRight";
				INFOPLIST_KEY_UISupportedInterfaceOrientations_iPhone = "UIInterfaceOrientationPortrait UIInterfaceOrientationLandscapeLeft UIInterfaceOrientationLandscapeRight";
				LD_RUNPATH_SEARCH_PATHS = (
					"$(inherited)",
					"@executable_path/Frameworks",
				);
				MARKETING_VERSION = 1.0;
				PRODUCT_BUNDLE_IDENTIFIER = com.chrishand.HashableObjects;
				PRODUCT_NAME = "$(TARGET_NAME)";
				SWIFT_EMIT_LOC_STRINGS = YES;
				SWIFT_VERSION = 5.0;
				TARGETED_DEVICE_FAMILY = "1,2";
			};
			name = Release;
		};
/* End XCBuildConfiguration section */

/* Begin XCConfigurationList section */
		E6BF3EF828E0B93300DFB2F4 /* Build configuration list for PBXProject "HashableObjects" */ = {
			isa = XCConfigurationList;
			buildConfigurations = (
				E6BF3F0928E0B93500DFB2F4 /* Debug */,
				E6BF3F0A28E0B93500DFB2F4 /* Release */,
			);
			defaultConfigurationIsVisible = 0;
			defaultConfigurationName = Release;
		};
		E6BF3F0B28E0B93500DFB2F4 /* Build configuration list for PBXNativeTarget "HashableObjects" */ = {
			isa = XCConfigurationList;
			buildConfigurations = (
				E6BF3F0C28E0B93500DFB2F4 /* Debug */,
				E6BF3F0D28E0B93500DFB2F4 /* Release */,
			);
			defaultConfigurationIsVisible = 0;
			defaultConfigurationName = Release;
		};
/* End XCConfigurationList section */

/* Begin XCVersionGroup section */
		E6BF3F0F28E0C88600DFB2F4 /* Projects.xcdatamodeld */ = {
			isa = XCVersionGroup;
			children = (
				E6BF3F1028E0C88600DFB2F4 /* Projects.xcdatamodel */,
			);
			currentVersion = E6BF3F1028E0C88600DFB2F4 /* Projects.xcdatamodel */;
			path = Projects.xcdatamodeld;
			sourceTree = "<group>";
			versionGroupType = wrapper.xcdatamodel;
		};
/* End XCVersionGroup section */
	};
	rootObject = E6BF3EF528E0B93300DFB2F4 /* Project object */;
}
